{
  "object": {
    "pins": [
      {
        "package": "Kingfisher",
        "repositoryURL": "https://github.com/onevcat/Kingfisher",
        "state": {
          "branch": null,
          "revision": "f2c757ced8ed65b74447298af95f1cf698b5ac49",
          "version": "6.1.0"
        }
      }
    ]
  },
  "version": 1
}
