// !$*UTF8*$!
{
	archiveVersion = 1;
	classes = {
	};
	objectVersion = 54;
	objects = {

/* Begin PBXBuildFile section */
		415909BC25CEDC5200B34803 /* URLSessionProtocol.swift in Sources */ = {isa = PBXBuildFile; fileRef = 415909BB25CEDC5200B34803 /* URLSessionProtocol.swift */; };
		415909C325CEDD0000B34803 /* NetworkService.swift in Sources */ = {isa = PBXBuildFile; fileRef = 415909C225CEDD0000B34803 /* NetworkService.swift */; };
		415909C725CEDD8600B34803 /* NetworkError.swift in Sources */ = {isa = PBXBuildFile; fileRef = 415909C625CEDD8600B34803 /* NetworkError.swift */; };
		415909CE25CEE02300B34803 /* Crypto+Thread.swift in Sources */ = {isa = PBXBuildFile; fileRef = 415909CD25CEE02300B34803 /* Crypto+Thread.swift */; };
		415909D225CEE07200B34803 /* Crypto+Decodable.swift in Sources */ = {isa = PBXBuildFile; fileRef = 415909D125CEE07200B34803 /* Crypto+Decodable.swift */; };
		415909D625CEE42600B34803 /* CurrenciesDataContainer.swift in Sources */ = {isa = PBXBuildFile; fileRef = 415909D525CEE42600B34803 /* CurrenciesDataContainer.swift */; };
		415909DC25CEF66200B34803 /* Crypto+URLSession.swift in Sources */ = {isa = PBXBuildFile; fileRef = 415909DB25CEF66200B34803 /* Crypto+URLSession.swift */; };
		415909E025CEF6C000B34803 /* CurrenciesPresenter.swift in Sources */ = {isa = PBXBuildFile; fileRef = 415909DF25CEF6C000B34803 /* CurrenciesPresenter.swift */; };
		415909EF25D01DBA00B34803 /* CurrenciesDataSource.swift in Sources */ = {isa = PBXBuildFile; fileRef = 415909EE25D01DBA00B34803 /* CurrenciesDataSource.swift */; };
		415909F425D01E9C00B34803 /* CurrenciesTableViewCell.swift in Sources */ = {isa = PBXBuildFile; fileRef = 415909F225D01E9C00B34803 /* CurrenciesTableViewCell.swift */; };
		415909F525D01E9C00B34803 /* CurrenciesTableViewCell.xib in Resources */ = {isa = PBXBuildFile; fileRef = 415909F325D01E9C00B34803 /* CurrenciesTableViewCell.xib */; };
		415909FC25D0240200B34803 /* CurrenciesViewController.swift in Sources */ = {isa = PBXBuildFile; fileRef = 415909FA25D0240200B34803 /* CurrenciesViewController.swift */; };
		415909FD25D0240200B34803 /* CurrenciesViewController.xib in Resources */ = {isa = PBXBuildFile; fileRef = 415909FB25D0240200B34803 /* CurrenciesViewController.xib */; };
		41590A0725D027D400B34803 /* AlertPresentable.swift in Sources */ = {isa = PBXBuildFile; fileRef = 41590A0625D027D400B34803 /* AlertPresentable.swift */; };
		41590A0B25D052D600B34803 /* Crypto+UIView.swift in Sources */ = {isa = PBXBuildFile; fileRef = 41590A0A25D052D600B34803 /* Crypto+UIView.swift */; };
		41590A1025D05E2D00B34803 /* Kingfisher in Frameworks */ = {isa = PBXBuildFile; productRef = 41590A0F25D05E2D00B34803 /* Kingfisher */; };
		41AC932825D1CAE5007E925C /* Executable.swift in Sources */ = {isa = PBXBuildFile; fileRef = 41AC932725D1CAE5007E925C /* Executable.swift */; };
		41AC933125D1CCF7007E925C /* MockCoin.swift in Sources */ = {isa = PBXBuildFile; fileRef = 41AC933025D1CCF7007E925C /* MockCoin.swift */; };
		41AC933725D1CFFE007E925C /* RequestTests.swift in Sources */ = {isa = PBXBuildFile; fileRef = 41AC933625D1CFFE007E925C /* RequestTests.swift */; };
		41AC933B25D1D18E007E925C /* CurrenciesDataSourceTests.swift in Sources */ = {isa = PBXBuildFile; fileRef = 41AC933A25D1D18E007E925C /* CurrenciesDataSourceTests.swift */; };
		41AC933F25D1D5BA007E925C /* MockTableView.swift in Sources */ = {isa = PBXBuildFile; fileRef = 41AC933E25D1D5BA007E925C /* MockTableView.swift */; };
		41AC934325D1D6C7007E925C /* NetworkServiceTests.swift in Sources */ = {isa = PBXBuildFile; fileRef = 41AC934225D1D6C7007E925C /* NetworkServiceTests.swift */; };
		41AC934725D1D721007E925C /* MockURLSession.swift in Sources */ = {isa = PBXBuildFile; fileRef = 41AC934625D1D721007E925C /* MockURLSession.swift */; };
		41AC934C25D31361007E925C /* CorruptData.json in Resources */ = {isa = PBXBuildFile; fileRef = 41AC934B25D31361007E925C /* CorruptData.json */; };
		41AC935525D315E9007E925C /* Coins.json in Resources */ = {isa = PBXBuildFile; fileRef = 41AC935425D315E9007E925C /* Coins.json */; };
		41AC935F25D31A42007E925C /* CurrenciesPresenterTests.swift in Sources */ = {isa = PBXBuildFile; fileRef = 41AC935E25D31A42007E925C /* CurrenciesPresenterTests.swift */; };
		41AC936325D31AC7007E925C /* MockCurrenciesView.swift in Sources */ = {isa = PBXBuildFile; fileRef = 41AC936225D31AC7007E925C /* MockCurrenciesView.swift */; };
		41D692CE25CEC4DE00422824 /* AppDelegate.swift in Sources */ = {isa = PBXBuildFile; fileRef = 41D692CD25CEC4DE00422824 /* AppDelegate.swift */; };
		41D692D025CEC4DE00422824 /* SceneDelegate.swift in Sources */ = {isa = PBXBuildFile; fileRef = 41D692CF25CEC4DE00422824 /* SceneDelegate.swift */; };
		41D692D725CEC4E900422824 /* Assets.xcassets in Resources */ = {isa = PBXBuildFile; fileRef = 41D692D625CEC4E900422824 /* Assets.xcassets */; };
		41D692DA25CEC4E900422824 /* LaunchScreen.storyboard in Resources */ = {isa = PBXBuildFile; fileRef = 41D692D825CEC4E900422824 /* LaunchScreen.storyboard */; };
		41D692E525CEC4EA00422824 /* CoinTests.swift in Sources */ = {isa = PBXBuildFile; fileRef = 41D692E425CEC4EA00422824 /* CoinTests.swift */; };
		41D6933725CED13500422824 /* Resourcable.swift in Sources */ = {isa = PBXBuildFile; fileRef = 41D6933625CED13500422824 /* Resourcable.swift */; };
		41D6933B25CED18600422824 /* URLRequestFactory.swift in Sources */ = {isa = PBXBuildFile; fileRef = 41D6933A25CED18600422824 /* URLRequestFactory.swift */; };
		41D6934025CED1E600422824 /* Request.swift in Sources */ = {isa = PBXBuildFile; fileRef = 41D6933F25CED1E600422824 /* Request.swift */; };
/* End PBXBuildFile section */

/* Begin PBXContainerItemProxy section */
		41D692E125CEC4EA00422824 /* PBXContainerItemProxy */ = {
			isa = PBXContainerItemProxy;
			containerPortal = 41D692C225CEC4DE00422824 /* Project object */;
			proxyType = 1;
			remoteGlobalIDString = 41D692C925CEC4DE00422824;
			remoteInfo = Crypto;
		};
/* End PBXContainerItemProxy section */

/* Begin PBXFileReference section */
		4115CDC92DD777D500DC41C8 /* Feature */ = {isa = PBXFileReference; lastKnownFileType = wrapper; path = Feature; sourceTree = "<group>"; };
		4115CDCA2DD777E300DC41C8 /* Repository */ = {isa = PBXFileReference; lastKnownFileType = wrapper; path = Repository; sourceTree = "<group>"; };
		4115CDCB2DD777EC00DC41C8 /* UseCase */ = {isa = PBXFileReference; lastKnownFileType = wrapper; path = UseCase; sourceTree = "<group>"; };
		4115CDCC2DD777F300DC41C8 /* Common */ = {isa = PBXFileReference; lastKnownFileType = wrapper; path = Common; sourceTree = "<group>"; };
		415909BB25CEDC5200B34803 /* URLSessionProtocol.swift */ = {isa = PBXFileReference; lastKnownFileType = sourcecode.swift; path = URLSessionProtocol.swift; sourceTree = "<group>"; };
		415909C225CEDD0000B34803 /* NetworkService.swift */ = {isa = PBXFileReference; lastKnownFileType = sourcecode.swift; path = NetworkService.swift; sourceTree = "<group>"; };
		415909C625CEDD8600B34803 /* NetworkError.swift */ = {isa = PBXFileReference; lastKnownFileType = sourcecode.swift; path = NetworkError.swift; sourceTree = "<group>"; };
		415909CD25CEE02300B34803 /* Crypto+Thread.swift */ = {isa = PBXFileReference; lastKnownFileType = sourcecode.swift; path = "Crypto+Thread.swift"; sourceTree = "<group>"; };
		415909D125CEE07200B34803 /* Crypto+Decodable.swift */ = {isa = PBXFileReference; lastKnownFileType = sourcecode.swift; path = "Crypto+Decodable.swift"; sourceTree = "<group>"; };
		415909D525CEE42600B34803 /* CurrenciesDataContainer.swift */ = {isa = PBXFileReference; lastKnownFileType = sourcecode.swift; path = CurrenciesDataContainer.swift; sourceTree = "<group>"; };
		415909DB25CEF66200B34803 /* Crypto+URLSession.swift */ = {isa = PBXFileReference; lastKnownFileType = sourcecode.swift; path = "Crypto+URLSession.swift"; sourceTree = "<group>"; };
		415909DF25CEF6C000B34803 /* CurrenciesPresenter.swift */ = {isa = PBXFileReference; lastKnownFileType = sourcecode.swift; path = CurrenciesPresenter.swift; sourceTree = "<group>"; };
		415909EE25D01DBA00B34803 /* CurrenciesDataSource.swift */ = {isa = PBXFileReference; lastKnownFileType = sourcecode.swift; path = CurrenciesDataSource.swift; sourceTree = "<group>"; };
		415909F225D01E9C00B34803 /* CurrenciesTableViewCell.swift */ = {isa = PBXFileReference; lastKnownFileType = sourcecode.swift; path = CurrenciesTableViewCell.swift; sourceTree = "<group>"; };
		415909F325D01E9C00B34803 /* CurrenciesTableViewCell.xib */ = {isa = PBXFileReference; lastKnownFileType = file.xib; path = CurrenciesTableViewCell.xib; sourceTree = "<group>"; };
		415909FA25D0240200B34803 /* CurrenciesViewController.swift */ = {isa = PBXFileReference; lastKnownFileType = sourcecode.swift; path = CurrenciesViewController.swift; sourceTree = "<group>"; };
		415909FB25D0240200B34803 /* CurrenciesViewController.xib */ = {isa = PBXFileReference; lastKnownFileType = file.xib; path = CurrenciesViewController.xib; sourceTree = "<group>"; };
		41590A0625D027D400B34803 /* AlertPresentable.swift */ = {isa = PBXFileReference; lastKnownFileType = sourcecode.swift; path = AlertPresentable.swift; sourceTree = "<group>"; };
		41590A0A25D052D600B34803 /* Crypto+UIView.swift */ = {isa = PBXFileReference; lastKnownFileType = sourcecode.swift; path = "Crypto+UIView.swift"; sourceTree = "<group>"; };
		417C582F2DD75BC7000C9B10 /* Core */ = {isa = PBXFileReference; lastKnownFileType = wrapper; path = Core; sourceTree = "<group>"; };
		41AC932725D1CAE5007E925C /* Executable.swift */ = {isa = PBXFileReference; lastKnownFileType = sourcecode.swift; path = Executable.swift; sourceTree = "<group>"; };
		41AC933025D1CCF7007E925C /* MockCoin.swift */ = {isa = PBXFileReference; lastKnownFileType = sourcecode.swift; path = MockCoin.swift; sourceTree = "<group>"; };
		41AC933625D1CFFE007E925C /* RequestTests.swift */ = {isa = PBXFileReference; lastKnownFileType = sourcecode.swift; path = RequestTests.swift; sourceTree = "<group>"; };
		41AC933A25D1D18E007E925C /* CurrenciesDataSourceTests.swift */ = {isa = PBXFileReference; lastKnownFileType = sourcecode.swift; path = CurrenciesDataSourceTests.swift; sourceTree = "<group>"; };
		41AC933E25D1D5BA007E925C /* MockTableView.swift */ = {isa = PBXFileReference; lastKnownFileType = sourcecode.swift; path = MockTableView.swift; sourceTree = "<group>"; };
		41AC934225D1D6C7007E925C /* NetworkServiceTests.swift */ = {isa = PBXFileReference; lastKnownFileType = sourcecode.swift; path = NetworkServiceTests.swift; sourceTree = "<group>"; };
		41AC934625D1D721007E925C /* MockURLSession.swift */ = {isa = PBXFileReference; lastKnownFileType = sourcecode.swift; path = MockURLSession.swift; sourceTree = "<group>"; };
		41AC934B25D31361007E925C /* CorruptData.json */ = {isa = PBXFileReference; lastKnownFileType = text.json; path = CorruptData.json; sourceTree = "<group>"; };
		41AC935425D315E9007E925C /* Coins.json */ = {isa = PBXFileReference; lastKnownFileType = text.json; path = Coins.json; sourceTree = "<group>"; };
		41AC935E25D31A42007E925C /* CurrenciesPresenterTests.swift */ = {isa = PBXFileReference; lastKnownFileType = sourcecode.swift; path = CurrenciesPresenterTests.swift; sourceTree = "<group>"; };
		41AC936225D31AC7007E925C /* MockCurrenciesView.swift */ = {isa = PBXFileReference; lastKnownFileType = sourcecode.swift; path = MockCurrenciesView.swift; sourceTree = "<group>"; };
		41D692CA25CEC4DE00422824 /* Crypto.app */ = {isa = PBXFileReference; explicitFileType = wrapper.application; includeInIndex = 0; path = Crypto.app; sourceTree = BUILT_PRODUCTS_DIR; };
		41D692CD25CEC4DE00422824 /* AppDelegate.swift */ = {isa = PBXFileReference; lastKnownFileType = sourcecode.swift; path = AppDelegate.swift; sourceTree = "<group>"; };
		41D692CF25CEC4DE00422824 /* SceneDelegate.swift */ = {isa = PBXFileReference; lastKnownFileType = sourcecode.swift; path = SceneDelegate.swift; sourceTree = "<group>"; };
		41D692D625CEC4E900422824 /* Assets.xcassets */ = {isa = PBXFileReference; lastKnownFileType = folder.assetcatalog; path = Assets.xcassets; sourceTree = "<group>"; };
		41D692D925CEC4E900422824 /* Base */ = {isa = PBXFileReference; lastKnownFileType = file.storyboard; name = Base; path = Base.lproj/LaunchScreen.storyboard; sourceTree = "<group>"; };
		41D692DB25CEC4E900422824 /* Info.plist */ = {isa = PBXFileReference; lastKnownFileType = text.plist.xml; path = Info.plist; sourceTree = "<group>"; };
		41D692E025CEC4EA00422824 /* CryptoTests.xctest */ = {isa = PBXFileReference; explicitFileType = wrapper.cfbundle; includeInIndex = 0; path = CryptoTests.xctest; sourceTree = BUILT_PRODUCTS_DIR; };
		41D692E425CEC4EA00422824 /* CoinTests.swift */ = {isa = PBXFileReference; lastKnownFileType = sourcecode.swift; path = CoinTests.swift; sourceTree = "<group>"; };
		41D692E625CEC4EA00422824 /* Info.plist */ = {isa = PBXFileReference; lastKnownFileType = text.plist.xml; path = Info.plist; sourceTree = "<group>"; };
		41D6933625CED13500422824 /* Resourcable.swift */ = {isa = PBXFileReference; lastKnownFileType = sourcecode.swift; path = Resourcable.swift; sourceTree = "<group>"; };
		41D6933A25CED18600422824 /* URLRequestFactory.swift */ = {isa = PBXFileReference; lastKnownFileType = sourcecode.swift; path = URLRequestFactory.swift; sourceTree = "<group>"; };
		41D6933F25CED1E600422824 /* Request.swift */ = {isa = PBXFileReference; lastKnownFileType = sourcecode.swift; path = Request.swift; sourceTree = "<group>"; };
/* End PBXFileReference section */

/* Begin PBXFrameworksBuildPhase section */
		41D692C725CEC4DE00422824 /* Frameworks */ = {
			isa = PBXFrameworksBuildPhase;
			buildActionMask = 2147483647;
			files = (
				41590A1025D05E2D00B34803 /* Kingfisher in Frameworks */,
			);
			runOnlyForDeploymentPostprocessing = 0;
		};
		41D692DD25CEC4EA00422824 /* Frameworks */ = {
			isa = PBXFrameworksBuildPhase;
			buildActionMask = 2147483647;
			files = (
			);
			runOnlyForDeploymentPostprocessing = 0;
		};
/* End PBXFrameworksBuildPhase section */

/* Begin PBXGroup section */
		412ACF542DD690BB00C9C9C0 /* Feature */ = {
			isa = PBXGroup;
			children = (
				415909E925D017A700B34803 /* Currencies */,
			);
			path = Feature;
			sourceTree = "<group>";
		};
		412ACF552DD6911C00C9C9C0 /* Repository */ = {
			isa = PBXGroup;
			children = (
			);
			path = Repository;
			sourceTree = "<group>";
		};
		415909C125CEDC9500B34803 /* Core */ = {
			isa = PBXGroup;
			children = (
				415909C225CEDD0000B34803 /* NetworkService.swift */,
				415909C625CEDD8600B34803 /* NetworkError.swift */,
			);
			path = Core;
			sourceTree = "<group>";
		};
		415909CC25CEDFF100B34803 /* Extensions */ = {
			isa = PBXGroup;
			children = (
				415909CD25CEE02300B34803 /* Crypto+Thread.swift */,
				415909D125CEE07200B34803 /* Crypto+Decodable.swift */,
				415909DB25CEF66200B34803 /* Crypto+URLSession.swift */,
				41590A0A25D052D600B34803 /* Crypto+UIView.swift */,
			);
			path = Extensions;
			sourceTree = "<group>";
		};
		415909E925D017A700B34803 /* Currencies */ = {
			isa = PBXGroup;
			children = (
				415909FA25D0240200B34803 /* CurrenciesViewController.swift */,
				415909FB25D0240200B34803 /* CurrenciesViewController.xib */,
				415909DF25CEF6C000B34803 /* CurrenciesPresenter.swift */,
				415909EE25D01DBA00B34803 /* CurrenciesDataSource.swift */,
				415909F225D01E9C00B34803 /* CurrenciesTableViewCell.swift */,
				415909F325D01E9C00B34803 /* CurrenciesTableViewCell.xib */,
			);
			path = Currencies;
			sourceTree = "<group>";
		};
		41AC932F25D1CCE6007E925C /* Mocks */ = {
			isa = PBXGroup;
			children = (
				41AC934625D1D721007E925C /* MockURLSession.swift */,
				41AC936225D31AC7007E925C /* MockCurrenciesView.swift */,
				41AC933E25D1D5BA007E925C /* MockTableView.swift */,
				41AC933025D1CCF7007E925C /* MockCoin.swift */,
			);
			path = Mocks;
			sourceTree = "<group>";
		};
		41AC934A25D31325007E925C /* JSON Files */ = {
			isa = PBXGroup;
			children = (
				41AC935425D315E9007E925C /* Coins.json */,
				41AC934B25D31361007E925C /* CorruptData.json */,
			);
			path = "JSON Files";
			sourceTree = "<group>";
		};
		41D692C125CEC4DE00422824 = {
			isa = PBXGroup;
			children = (
				41D692CC25CEC4DE00422824 /* Crypto */,
				41D692E325CEC4EA00422824 /* CryptoTests */,
				41D692CB25CEC4DE00422824 /* Products */,
				417C582F2DD75BC7000C9B10 /* Core */,
				4115CDC92DD777D500DC41C8 /* Feature */,
				4115CDCA2DD777E300DC41C8 /* Repository */,
				4115CDCB2DD777EC00DC41C8 /* UseCase */,
				4115CDCC2DD777F300DC41C8 /* Common */,
			);
			sourceTree = "<group>";
		};
		41D692CB25CEC4DE00422824 /* Products */ = {
			isa = PBXGroup;
			children = (
				41D692CA25CEC4DE00422824 /* Crypto.app */,
				41D692E025CEC4EA00422824 /* CryptoTests.xctest */,
			);
			name = Products;
			sourceTree = "<group>";
		};
		41D692CC25CEC4DE00422824 /* Crypto */ = {
			isa = PBXGroup;
			children = (
				412ACF552DD6911C00C9C9C0 /* Repository */,
				412ACF542DD690BB00C9C9C0 /* Feature */,
				41D6932F25CED0DA00422824 /* App */,
				41D6933E25CED1BF00422824 /* Data Structures */,
				415909C125CEDC9500B34803 /* Core */,
				415909CC25CEDFF100B34803 /* Extensions */,
				41D6932E25CED0C200422824 /* Protocols */,
				41D6931D25CECDC800422824 /* Resources */,
			);
			path = Crypto;
			sourceTree = "<group>";
		};
		41D692E325CEC4EA00422824 /* CryptoTests */ = {
			isa = PBXGroup;
			children = (
				41AC934225D1D6C7007E925C /* NetworkServiceTests.swift */,
				41AC935E25D31A42007E925C /* CurrenciesPresenterTests.swift */,
				41AC933A25D1D18E007E925C /* CurrenciesDataSourceTests.swift */,
				41AC933625D1CFFE007E925C /* RequestTests.swift */,
				41D692E425CEC4EA00422824 /* CoinTests.swift */,
				41AC932F25D1CCE6007E925C /* Mocks */,
				41AC934A25D31325007E925C /* JSON Files */,
				41D692E625CEC4EA00422824 /* Info.plist */,
			);
			path = CryptoTests;
			sourceTree = "<group>";
		};
		41D6931D25CECDC800422824 /* Resources */ = {
			isa = PBXGroup;
			children = (
				41D692D625CEC4E900422824 /* Assets.xcassets */,
				41D692D825CEC4E900422824 /* LaunchScreen.storyboard */,
				41D692DB25CEC4E900422824 /* Info.plist */,
			);
			path = Resources;
			sourceTree = "<group>";
		};
		41D6932E25CED0C200422824 /* Protocols */ = {
			isa = PBXGroup;
			children = (
				41D6933625CED13500422824 /* Resourcable.swift */,
				41D6933A25CED18600422824 /* URLRequestFactory.swift */,
				415909BB25CEDC5200B34803 /* URLSessionProtocol.swift */,
				41590A0625D027D400B34803 /* AlertPresentable.swift */,
				41AC932725D1CAE5007E925C /* Executable.swift */,
			);
			path = Protocols;
			sourceTree = "<group>";
		};
		41D6932F25CED0DA00422824 /* App */ = {
			isa = PBXGroup;
			children = (
				41D692CD25CEC4DE00422824 /* AppDelegate.swift */,
				41D692CF25CEC4DE00422824 /* SceneDelegate.swift */,
			);
			path = App;
			sourceTree = "<group>";
		};
		41D6933E25CED1BF00422824 /* Data Structures */ = {
			isa = PBXGroup;
			children = (
				41D6933F25CED1E600422824 /* Request.swift */,
				415909D525CEE42600B34803 /* CurrenciesDataContainer.swift */,
			);
			path = "Data Structures";
			sourceTree = "<group>";
		};
/* End PBXGroup section */

/* Begin PBXNativeTarget section */
		41D692C925CEC4DE00422824 /* Crypto */ = {
			isa = PBXNativeTarget;
			buildConfigurationList = 41D692F425CEC4EA00422824 /* Build configuration list for PBXNativeTarget "Crypto" */;
			buildPhases = (
				41D692C625CEC4DE00422824 /* Sources */,
				41D692C725CEC4DE00422824 /* Frameworks */,
				41D692C825CEC4DE00422824 /* Resources */,
			);
			buildRules = (
			);
			dependencies = (
			);
			name = Crypto;
			packageProductDependencies = (
				41590A0F25D05E2D00B34803 /* Kingfisher */,
			);
			productName = Crypto;
			productReference = 41D692CA25CEC4DE00422824 /* Crypto.app */;
			productType = "com.apple.product-type.application";
		};
		41D692DF25CEC4EA00422824 /* CryptoTests */ = {
			isa = PBXNativeTarget;
			buildConfigurationList = 41D692F725CEC4EA00422824 /* Build configuration list for PBXNativeTarget "CryptoTests" */;
			buildPhases = (
				41D692DC25CEC4EA00422824 /* Sources */,
				41D692DD25CEC4EA00422824 /* Frameworks */,
				41D692DE25CEC4EA00422824 /* Resources */,
			);
			buildRules = (
			);
			dependencies = (
				41D692E225CEC4EA00422824 /* PBXTargetDependency */,
			);
			name = CryptoTests;
			productName = CryptoTests;
			productReference = 41D692E025CEC4EA00422824 /* CryptoTests.xctest */;
			productType = "com.apple.product-type.bundle.unit-test";
		};
/* End PBXNativeTarget section */

/* Begin PBXProject section */
		41D692C225CEC4DE00422824 /* Project object */ = {
			isa = PBXProject;
			attributes = {
				LastSwiftUpdateCheck = 1200;
				LastUpgradeCheck = 1200;
				TargetAttributes = {
					41D692C925CEC4DE00422824 = {
						CreatedOnToolsVersion = 12.0;
					};
					41D692DF25CEC4EA00422824 = {
						CreatedOnToolsVersion = 12.0;
						TestTargetID = 41D692C925CEC4DE00422824;
					};
				};
			};
			buildConfigurationList = 41D692C525CEC4DE00422824 /* Build configuration list for PBXProject "Crypto" */;
			compatibilityVersion = "Xcode 9.3";
			developmentRegion = en;
			hasScannedForEncodings = 0;
			knownRegions = (
				en,
				Base,
			);
			mainGroup = 41D692C125CEC4DE00422824;
			packageReferences = (
				41590A0E25D05E2D00B34803 /* XCRemoteSwiftPackageReference "Kingfisher" */,
			);
			productRefGroup = 41D692CB25CEC4DE00422824 /* Products */;
			projectDirPath = "";
			projectRoot = "";
			targets = (
				41D692C925CEC4DE00422824 /* Crypto */,
				41D692DF25CEC4EA00422824 /* CryptoTests */,
			);
		};
/* End PBXProject section */

/* Begin PBXResourcesBuildPhase section */
		41D692C825CEC4DE00422824 /* Resources */ = {
			isa = PBXResourcesBuildPhase;
			buildActionMask = 2147483647;
			files = (
				41D692DA25CEC4E900422824 /* LaunchScreen.storyboard in Resources */,
				41D692D725CEC4E900422824 /* Assets.xcassets in Resources */,
				415909F525D01E9C00B34803 /* CurrenciesTableViewCell.xib in Resources */,
				415909FD25D0240200B34803 /* CurrenciesViewController.xib in Resources */,
			);
			runOnlyForDeploymentPostprocessing = 0;
		};
		41D692DE25CEC4EA00422824 /* Resources */ = {
			isa = PBXResourcesBuildPhase;
			buildActionMask = 2147483647;
			files = (
				41AC935525D315E9007E925C /* Coins.json in Resources */,
				41AC934C25D31361007E925C /* CorruptData.json in Resources */,
			);
			runOnlyForDeploymentPostprocessing = 0;
		};
/* End PBXResourcesBuildPhase section */

/* Begin PBXSourcesBuildPhase section */
		41D692C625CEC4DE00422824 /* Sources */ = {
			isa = PBXSourcesBuildPhase;
			buildActionMask = 2147483647;
			files = (
				415909CE25CEE02300B34803 /* Crypto+Thread.swift in Sources */,
				415909FC25D0240200B34803 /* CurrenciesViewController.swift in Sources */,
				415909DC25CEF66200B34803 /* Crypto+URLSession.swift in Sources */,
				415909EF25D01DBA00B34803 /* CurrenciesDataSource.swift in Sources */,
				415909BC25CEDC5200B34803 /* URLSessionProtocol.swift in Sources */,
				41590A0B25D052D600B34803 /* Crypto+UIView.swift in Sources */,
				415909E025CEF6C000B34803 /* CurrenciesPresenter.swift in Sources */,
				415909D225CEE07200B34803 /* Crypto+Decodable.swift in Sources */,
				415909C325CEDD0000B34803 /* NetworkService.swift in Sources */,
				41D692CE25CEC4DE00422824 /* AppDelegate.swift in Sources */,
				41D6933B25CED18600422824 /* URLRequestFactory.swift in Sources */,
				41D6934025CED1E600422824 /* Request.swift in Sources */,
				41AC932825D1CAE5007E925C /* Executable.swift in Sources */,
				41590A0725D027D400B34803 /* AlertPresentable.swift in Sources */,
				41D692D025CEC4DE00422824 /* SceneDelegate.swift in Sources */,
				415909D625CEE42600B34803 /* CurrenciesDataContainer.swift in Sources */,
				415909C725CEDD8600B34803 /* NetworkError.swift in Sources */,
				415909F425D01E9C00B34803 /* CurrenciesTableViewCell.swift in Sources */,
				41D6933725CED13500422824 /* Resourcable.swift in Sources */,
			);
			runOnlyForDeploymentPostprocessing = 0;
		};
		41D692DC25CEC4EA00422824 /* Sources */ = {
			isa = PBXSourcesBuildPhase;
			buildActionMask = 2147483647;
			files = (
				41AC933725D1CFFE007E925C /* RequestTests.swift in Sources */,
				41AC933125D1CCF7007E925C /* MockCoin.swift in Sources */,
				41D692E525CEC4EA00422824 /* CoinTests.swift in Sources */,
				41AC934725D1D721007E925C /* MockURLSession.swift in Sources */,
				41AC933F25D1D5BA007E925C /* MockTableView.swift in Sources */,
				41AC936325D31AC7007E925C /* MockCurrenciesView.swift in Sources */,
				41AC934325D1D6C7007E925C /* NetworkServiceTests.swift in Sources */,
				41AC933B25D1D18E007E925C /* CurrenciesDataSourceTests.swift in Sources */,
				41AC935F25D31A42007E925C /* CurrenciesPresenterTests.swift in Sources */,
			);
			runOnlyForDeploymentPostprocessing = 0;
		};
/* End PBXSourcesBuildPhase section */

/* Begin PBXTargetDependency section */
		41D692E225CEC4EA00422824 /* PBXTargetDependency */ = {
			isa = PBXTargetDependency;
			target = 41D692C925CEC4DE00422824 /* Crypto */;
			targetProxy = 41D692E125CEC4EA00422824 /* PBXContainerItemProxy */;
		};
/* End PBXTargetDependency section */

/* Begin PBXVariantGroup section */
		41D692D825CEC4E900422824 /* LaunchScreen.storyboard */ = {
			isa = PBXVariantGroup;
			children = (
				41D692D925CEC4E900422824 /* Base */,
			);
			name = LaunchScreen.storyboard;
			sourceTree = "<group>";
		};
/* End PBXVariantGroup section */

/* Begin XCBuildConfiguration section */
		41D692F225CEC4EA00422824 /* Debug */ = {
			isa = XCBuildConfiguration;
			buildSettings = {
				ALWAYS_SEARCH_USER_PATHS = NO;
				CLANG_ANALYZER_NONNULL = YES;
				CLANG_ANALYZER_NUMBER_OBJECT_CONVERSION = YES_AGGRESSIVE;
				CLANG_CXX_LANGUAGE_STANDARD = "gnu++14";
				CLANG_CXX_LIBRARY = "libc++";
				CLANG_ENABLE_MODULES = YES;
				CLANG_ENABLE_OBJC_ARC = YES;
				CLANG_ENABLE_OBJC_WEAK = YES;
				CLANG_WARN_BLOCK_CAPTURE_AUTORELEASING = YES;
				CLANG_WARN_BOOL_CONVERSION = YES;
				CLANG_WARN_COMMA = YES;
				CLANG_WARN_CONSTANT_CONVERSION = YES;
				CLANG_WARN_DEPRECATED_OBJC_IMPLEMENTATIONS = YES;
				CLANG_WARN_DIRECT_OBJC_ISA_USAGE = YES_ERROR;
				CLANG_WARN_DOCUMENTATION_COMMENTS = YES;
				CLANG_WARN_EMPTY_BODY = YES;
				CLANG_WARN_ENUM_CONVERSION = YES;
				CLANG_WARN_INFINITE_RECURSION = YES;
				CLANG_WARN_INT_CONVERSION = YES;
				CLANG_WARN_NON_LITERAL_NULL_CONVERSION = YES;
				CLANG_WARN_OBJC_IMPLICIT_RETAIN_SELF = YES;
				CLANG_WARN_OBJC_LITERAL_CONVERSION = YES;
				CLANG_WARN_OBJC_ROOT_CLASS = YES_ERROR;
				CLANG_WARN_QUOTED_INCLUDE_IN_FRAMEWORK_HEADER = YES;
				CLANG_WARN_RANGE_LOOP_ANALYSIS = YES;
				CLANG_WARN_STRICT_PROTOTYPES = YES;
				CLANG_WARN_SUSPICIOUS_MOVE = YES;
				CLANG_WARN_UNGUARDED_AVAILABILITY = YES_AGGRESSIVE;
				CLANG_WARN_UNREACHABLE_CODE = YES;
				CLANG_WARN__DUPLICATE_METHOD_MATCH = YES;
				COPY_PHASE_STRIP = NO;
				DEBUG_INFORMATION_FORMAT = dwarf;
				ENABLE_STRICT_OBJC_MSGSEND = YES;
				ENABLE_TESTABILITY = YES;
				GCC_C_LANGUAGE_STANDARD = gnu11;
				GCC_DYNAMIC_NO_PIC = NO;
				GCC_NO_COMMON_BLOCKS = YES;
				GCC_OPTIMIZATION_LEVEL = 0;
				GCC_PREPROCESSOR_DEFINITIONS = (
					"DEBUG=1",
					"$(inherited)",
				);
				GCC_WARN_64_TO_32_BIT_CONVERSION = YES;
				GCC_WARN_ABOUT_RETURN_TYPE = YES_ERROR;
				GCC_WARN_UNDECLARED_SELECTOR = YES;
				GCC_WARN_UNINITIALIZED_AUTOS = YES_AGGRESSIVE;
				GCC_WARN_UNUSED_FUNCTION = YES;
				GCC_WARN_UNUSED_VARIABLE = YES;
				IPHONEOS_DEPLOYMENT_TARGET = 14.0;
				MTL_ENABLE_DEBUG_INFO = INCLUDE_SOURCE;
				MTL_FAST_MATH = YES;
				ONLY_ACTIVE_ARCH = YES;
				SDKROOT = iphoneos;
				SWIFT_ACTIVE_COMPILATION_CONDITIONS = DEBUG;
				SWIFT_OPTIMIZATION_LEVEL = "-Onone";
			};
			name = Debug;
		};
		41D692F325CEC4EA00422824 /* Release */ = {
			isa = XCBuildConfiguration;
			buildSettings = {
				ALWAYS_SEARCH_USER_PATHS = NO;
				CLANG_ANALYZER_NONNULL = YES;
				CLANG_ANALYZER_NUMBER_OBJECT_CONVERSION = YES_AGGRESSIVE;
				CLANG_CXX_LANGUAGE_STANDARD = "gnu++14";
				CLANG_CXX_LIBRARY = "libc++";
				CLANG_ENABLE_MODULES = YES;
				CLANG_ENABLE_OBJC_ARC = YES;
				CLANG_ENABLE_OBJC_WEAK = YES;
				CLANG_WARN_BLOCK_CAPTURE_AUTORELEASING = YES;
				CLANG_WARN_BOOL_CONVERSION = YES;
				CLANG_WARN_COMMA = YES;
				CLANG_WARN_CONSTANT_CONVERSION = YES;
				CLANG_WARN_DEPRECATED_OBJC_IMPLEMENTATIONS = YES;
				CLANG_WARN_DIRECT_OBJC_ISA_USAGE = YES_ERROR;
				CLANG_WARN_DOCUMENTATION_COMMENTS = YES;
				CLANG_WARN_EMPTY_BODY = YES;
				CLANG_WARN_ENUM_CONVERSION = YES;
				CLANG_WARN_INFINITE_RECURSION = YES;
				CLANG_WARN_INT_CONVERSION = YES;
				CLANG_WARN_NON_LITERAL_NULL_CONVERSION = YES;
				CLANG_WARN_OBJC_IMPLICIT_RETAIN_SELF = YES;
				CLANG_WARN_OBJC_LITERAL_CONVERSION = YES;
				CLANG_WARN_OBJC_ROOT_CLASS = YES_ERROR;
				CLANG_WARN_QUOTED_INCLUDE_IN_FRAMEWORK_HEADER = YES;
				CLANG_WARN_RANGE_LOOP_ANALYSIS = YES;
				CLANG_WARN_STRICT_PROTOTYPES = YES;
				CLANG_WARN_SUSPICIOUS_MOVE = YES;
				CLANG_WARN_UNGUARDED_AVAILABILITY = YES_AGGRESSIVE;
				CLANG_WARN_UNREACHABLE_CODE = YES;
				CLANG_WARN__DUPLICATE_METHOD_MATCH = YES;
				COPY_PHASE_STRIP = NO;
				DEBUG_INFORMATION_FORMAT = "dwarf-with-dsym";
				ENABLE_NS_ASSERTIONS = NO;
				ENABLE_STRICT_OBJC_MSGSEND = YES;
				GCC_C_LANGUAGE_STANDARD = gnu11;
				GCC_NO_COMMON_BLOCKS = YES;
				GCC_WARN_64_TO_32_BIT_CONVERSION = YES;
				GCC_WARN_ABOUT_RETURN_TYPE = YES_ERROR;
				GCC_WARN_UNDECLARED_SELECTOR = YES;
				GCC_WARN_UNINITIALIZED_AUTOS = YES_AGGRESSIVE;
				GCC_WARN_UNUSED_FUNCTION = YES;
				GCC_WARN_UNUSED_VARIABLE = YES;
				IPHONEOS_DEPLOYMENT_TARGET = 14.0;
				MTL_ENABLE_DEBUG_INFO = NO;
				MTL_FAST_MATH = YES;
				SDKROOT = iphoneos;
				SWIFT_COMPILATION_MODE = wholemodule;
				SWIFT_OPTIMIZATION_LEVEL = "-O";
				VALIDATE_PRODUCT = YES;
			};
			name = Release;
		};
		41D692F525CEC4EA00422824 /* Debug */ = {
			isa = XCBuildConfiguration;
			buildSettings = {
				ASSETCATALOG_COMPILER_APPICON_NAME = AppIcon;
				ASSETCATALOG_COMPILER_GLOBAL_ACCENT_COLOR_NAME = AccentColor;
				CODE_SIGN_STYLE = Manual;
				DEVELOPMENT_TEAM = "";
				INFOPLIST_FILE = "$(SRCROOT)/Crypto/Resources/Info.plist";
				IPHONEOS_DEPLOYMENT_TARGET = 14.0;
				LD_RUNPATH_SEARCH_PATHS = (
					"$(inherited)",
					"@executable_path/Frameworks",
				);
				PRODUCT_BUNDLE_IDENTIFIER = co.uk.yasinahmed.Crypto;
				PRODUCT_NAME = "$(TARGET_NAME)";
				PROVISIONING_PROFILE_SPECIFIER = "";
				SWIFT_VERSION = 5.0;
				TARGETED_DEVICE_FAMILY = "1,2";
			};
			name = Debug;
		};
		41D692F625CEC4EA00422824 /* Release */ = {
			isa = XCBuildConfiguration;
			buildSettings = {
				ASSETCATALOG_COMPILER_APPICON_NAME = AppIcon;
				ASSETCATALOG_COMPILER_GLOBAL_ACCENT_COLOR_NAME = AccentColor;
				CODE_SIGN_STYLE = Manual;
				DEVELOPMENT_TEAM = "";
				INFOPLIST_FILE = "$(SRCROOT)/Crypto/Resources/Info.plist";
				IPHONEOS_DEPLOYMENT_TARGET = 14.0;
				LD_RUNPATH_SEARCH_PATHS = (
					"$(inherited)",
					"@executable_path/Frameworks",
				);
				PRODUCT_BUNDLE_IDENTIFIER = co.uk.yasinahmed.Crypto;
				PRODUCT_NAME = "$(TARGET_NAME)";
				PROVISIONING_PROFILE_SPECIFIER = "";
				SWIFT_VERSION = 5.0;
				TARGETED_DEVICE_FAMILY = "1,2";
			};
			name = Release;
		};
		41D692F825CEC4EA00422824 /* Debug */ = {
			isa = XCBuildConfiguration;
			buildSettings = {
				ALWAYS_EMBED_SWIFT_STANDARD_LIBRARIES = YES;
				BUNDLE_LOADER = "$(TEST_HOST)";
				CODE_SIGN_STYLE = Automatic;
				DEVELOPMENT_TEAM = U8VN2LJGM7;
				INFOPLIST_FILE = CryptoTests/Info.plist;
				IPHONEOS_DEPLOYMENT_TARGET = 14.0;
				LD_RUNPATH_SEARCH_PATHS = (
					"$(inherited)",
					"@executable_path/Frameworks",
					"@loader_path/Frameworks",
				);
				PRODUCT_BUNDLE_IDENTIFIER = co.uk.yasinahmed.CryptoTests;
				PRODUCT_NAME = "$(TARGET_NAME)";
				SWIFT_VERSION = 5.0;
				TARGETED_DEVICE_FAMILY = "1,2";
				TEST_HOST = "$(BUILT_PRODUCTS_DIR)/Crypto.app/Crypto";
			};
			name = Debug;
		};
		41D692F925CEC4EA00422824 /* Release */ = {
			isa = XCBuildConfiguration;
			buildSettings = {
				ALWAYS_EMBED_SWIFT_STANDARD_LIBRARIES = YES;
				BUNDLE_LOADER = "$(TEST_HOST)";
				CODE_SIGN_STYLE = Automatic;
				DEVELOPMENT_TEAM = U8VN2LJGM7;
				INFOPLIST_FILE = CryptoTests/Info.plist;
				IPHONEOS_DEPLOYMENT_TARGET = 14.0;
				LD_RUNPATH_SEARCH_PATHS = (
					"$(inherited)",
					"@executable_path/Frameworks",
					"@loader_path/Frameworks",
				);
				PRODUCT_BUNDLE_IDENTIFIER = co.uk.yasinahmed.CryptoTests;
				PRODUCT_NAME = "$(TARGET_NAME)";
				SWIFT_VERSION = 5.0;
				TARGETED_DEVICE_FAMILY = "1,2";
				TEST_HOST = "$(BUILT_PRODUCTS_DIR)/Crypto.app/Crypto";
			};
			name = Release;
		};
/* End XCBuildConfiguration section */

/* Begin XCConfigurationList section */
		41D692C525CEC4DE00422824 /* Build configuration list for PBXProject "Crypto" */ = {
			isa = XCConfigurationList;
			buildConfigurations = (
				41D692F225CEC4EA00422824 /* Debug */,
				41D692F325CEC4EA00422824 /* Release */,
			);
			defaultConfigurationIsVisible = 0;
			defaultConfigurationName = Release;
		};
		41D692F425CEC4EA00422824 /* Build configuration list for PBXNativeTarget "Crypto" */ = {
			isa = XCConfigurationList;
			buildConfigurations = (
				41D692F525CEC4EA00422824 /* Debug */,
				41D692F625CEC4EA00422824 /* Release */,
			);
			defaultConfigurationIsVisible = 0;
			defaultConfigurationName = Release;
		};
		41D692F725CEC4EA00422824 /* Build configuration list for PBXNativeTarget "CryptoTests" */ = {
			isa = XCConfigurationList;
			buildConfigurations = (
				41D692F825CEC4EA00422824 /* Debug */,
				41D692F925CEC4EA00422824 /* Release */,
			);
			defaultConfigurationIsVisible = 0;
			defaultConfigurationName = Release;
		};
/* End XCConfigurationList section */

/* Begin XCRemoteSwiftPackageReference section */
		41590A0E25D05E2D00B34803 /* XCRemoteSwiftPackageReference "Kingfisher" */ = {
			isa = XCRemoteSwiftPackageReference;
			repositoryURL = "https://github.com/onevcat/Kingfisher";
			requirement = {
				kind = upToNextMajorVersion;
				minimumVersion = 6.1.0;
			};
		};
/* End XCRemoteSwiftPackageReference section */

/* Begin XCSwiftPackageProductDependency section */
		41590A0F25D05E2D00B34803 /* Kingfisher */ = {
			isa = XCSwiftPackageProductDependency;
			package = 41590A0E25D05E2D00B34803 /* XCRemoteSwiftPackageReference "Kingfisher" */;
			productName = Kingfisher;
		};
/* End XCSwiftPackageProductDependency section */
	};
	rootObject = 41D692C225CEC4DE00422824 /* Project object */;
}
